<?xml version="1.0" encoding="utf-8"?>
<Project ToolsVersion="4.0" xmlns="http://schemas.microsoft.com/developer/msbuild/2003">
  <ItemGroup>
    <Filter Include="Source Files">
      <UniqueIdentifier>{4FC737F1-C7A5-4376-A066-2A32D752A2FF}</UniqueIdentifier>
      <Extensions>cpp;c;cc;cxx;def;odl;idl;hpj;bat;asm;asmx</Extensions>
    </Filter>
    <Filter Include="Header Files">
      <UniqueIdentifier>{93995380-89BD-4b04-88EB-625FBE52EBFB}</UniqueIdentifier>
      <Extensions>h;hh;hpp;hxx;hm;inl;inc;xsd</Extensions>
    </Filter>
    <Filter Include="Resource Files">
      <UniqueIdentifier>{67DA6AB6-F800-4c08-8B7A-83BB121AAD01}</UniqueIdentifier>
      <Extensions>rc;ico;cur;bmp;dlg;rc2;rct;bin;rgs;gif;jpg;jpeg;jpe;resx;tiff;tif;png;wav;mfcribbon-ms</Extensions>
    </Filter>
    <Filter Include="Source Files\arm11">
      <UniqueIdentifier>{67ff8e1c-941f-48ea-8bbf-7dd7ad81ddc4}</UniqueIdentifier>
    </Filter>
    <Filter Include="Source Files\syscalls">
      <UniqueIdentifier>{8190a5fa-b50e-4bdc-a358-970788eafacc}</UniqueIdentifier>
    </Filter>
    <Filter Include="Source Files\services">
      <UniqueIdentifier>{74e8a173-e2cd-4853-b41a-c21e797869d0}</UniqueIdentifier>
    </Filter>
    <Filter Include="Source Files\IO">
      <UniqueIdentifier>{0f570f85-e6b2-49ec-871e-e3f8f4b604b0}</UniqueIdentifier>
    </Filter>
    <Filter Include="Source Files\arm11\vfp">
      <UniqueIdentifier>{54c05846-2288-4705-aeb0-985bf860c2ab}</UniqueIdentifier>
    </Filter>
    <Filter Include="Header Files\arm11">
      <UniqueIdentifier>{64e2bd91-1315-497e-b820-0ad2360de572}</UniqueIdentifier>
    </Filter>
    <Filter Include="Header Files\arm11\vfp">
      <UniqueIdentifier>{e560d745-6e54-49c9-8f8c-ef5582d2363b}</UniqueIdentifier>
    </Filter>
    <Filter Include="Source Files\DSPcore">
      <UniqueIdentifier>{1f229012-b158-4754-a39c-19832d774397}</UniqueIdentifier>
    </Filter>
    <Filter Include="Header Files\DSP">
      <UniqueIdentifier>{7874e0ae-9265-401a-b064-76491a3f0b0d}</UniqueIdentifier>
    </Filter>
    <Filter Include="Source Files\fs">
      <UniqueIdentifier>{9265e831-aa02-44bd-b36c-ba96e00bf407}</UniqueIdentifier>
    </Filter>
    <Filter Include="Source Files\GPU">
      <UniqueIdentifier>{5ead8c7a-c097-437c-954c-52d1e6fd4b17}</UniqueIdentifier>
    </Filter>
    <Filter Include="Source Files\crypto">
      <UniqueIdentifier>{c584b4be-f5ab-4695-8fb7-7ce0f70f4270}</UniqueIdentifier>
    </Filter>
  </ItemGroup>
  <ItemGroup>
    <ClCompile Include="..\src\handles.c">
      <Filter>Source Files</Filter>
    </ClCompile>
    <ClCompile Include="..\src\loader.c">
      <Filter>Source Files</Filter>
    </ClCompile>
    <ClCompile Include="..\src\main.c">
      <Filter>Source Files</Filter>
    </ClCompile>
    <ClCompile Include="..\src\mem.c">
      <Filter>Source Files</Filter>
    </ClCompile>
    <ClCompile Include="..\src\svc.c">
      <Filter>Source Files</Filter>
    </ClCompile>
    <ClCompile Include="..\src\arm11\threads.c">
      <Filter>Source Files\arm11</Filter>
    </ClCompile>
    <ClCompile Include="..\src\syscalls\events.c">
      <Filter>Source Files\syscalls</Filter>
    </ClCompile>
    <ClCompile Include="..\src\syscalls\memory.c">
      <Filter>Source Files\syscalls</Filter>
    </ClCompile>
    <ClCompile Include="..\src\syscalls\ports.c">
      <Filter>Source Files\syscalls</Filter>
    </ClCompile>
    <ClCompile Include="..\src\syscalls\syn.c">
      <Filter>Source Files\syscalls</Filter>
    </ClCompile>
    <ClCompile Include="..\src\services\apt_u.c">
      <Filter>Source Files\services</Filter>
    </ClCompile>
    <ClCompile Include="..\src\services\gsp_gpu.c">
      <Filter>Source Files\services</Filter>
    </ClCompile>
    <ClCompile Include="..\src\services\srv.c">
      <Filter>Source Files\services</Filter>
    </ClCompile>
    <ClCompile Include="..\src\screen.c">
      <Filter>Source Files</Filter>
    </ClCompile>
    <ClCompile Include="..\src\services\hid_user.c">
      <Filter>Source Files\services</Filter>
    </ClCompile>
    <ClCompile Include="..\src\arm11\armemu.c">
      <Filter>Source Files\arm11</Filter>
    </ClCompile>
    <ClCompile Include="..\src\arm11\armsupp.c">
      <Filter>Source Files\arm11</Filter>
    </ClCompile>
    <ClCompile Include="..\src\arm11\thumbemu.c">
      <Filter>Source Files\arm11</Filter>
    </ClCompile>
    <ClCompile Include="..\src\arm11\vfp\vfp.c">
      <Filter>Source Files\arm11\vfp</Filter>
    </ClCompile>
    <ClCompile Include="..\src\arm11\vfp\vfpdouble.c">
      <Filter>Source Files\arm11\vfp</Filter>
    </ClCompile>
    <ClCompile Include="..\src\arm11\vfp\vfpinstr.c">
      <Filter>Source Files\arm11\vfp</Filter>
    </ClCompile>
    <ClCompile Include="..\src\arm11\vfp\vfpsingle.c">
      <Filter>Source Files\arm11\vfp</Filter>
    </ClCompile>
    <ClCompile Include="..\src\arm11\wrap.c">
      <Filter>Source Files\arm11</Filter>
    </ClCompile>
    <ClCompile Include="..\src\arm11\arminit.c">
      <Filter>Source Files\arm11</Filter>
    </ClCompile>
    <ClCompile Include="..\src\arm11\armcopro.c">
      <Filter>Source Files\arm11</Filter>
    </ClCompile>
    <ClCompile Include="..\src\services\fs_user.c">
      <Filter>Source Files\services</Filter>
    </ClCompile>
    <ClCompile Include="..\src\services\am_u.c">
      <Filter>Source Files\services</Filter>
    </ClCompile>
    <ClCompile Include="..\src\services\ns_s.c">
      <Filter>Source Files\services</Filter>
    </ClCompile>
    <ClCompile Include="..\src\syscalls\arb.c">
      <Filter>Source Files\syscalls</Filter>
    </ClCompile>
    <ClCompile Include="..\src\services\ndm_u.c">
      <Filter>Source Files\services</Filter>
    </ClCompile>
    <ClCompile Include="..\src\services\cfg_u.c">
      <Filter>Source Files\services</Filter>
    </ClCompile>
    <ClCompile Include="..\src\services\frd_u.c">
      <Filter>Source Files\services</Filter>
    </ClCompile>
    <ClCompile Include="..\src\services\ptm_u.c">
      <Filter>Source Files\services</Filter>
    </ClCompile>
    <ClCompile Include="..\src\services\ir_u.c">
      <Filter>Source Files\services</Filter>
    </ClCompile>
    <ClCompile Include="..\src\services\dsp_dsp.c">
      <Filter>Source Files\services</Filter>
    </ClCompile>
    <ClCompile Include="..\src\dsp\dspemu.c">
      <Filter>Source Files</Filter>
    </ClCompile>
    <ClCompile Include="..\src\services\boss_u.c">
      <Filter>Source Files\services</Filter>
    </ClCompile>
    <ClCompile Include="..\src\services\cecd_u.c">
      <Filter>Source Files\services</Filter>
    </ClCompile>
    <ClCompile Include="..\src\fs\romfs.c">
      <Filter>Source Files\fs</Filter>
    </ClCompile>
    <ClCompile Include="..\src\fs\util.c">
      <Filter>Source Files\fs</Filter>
    </ClCompile>
    <ClCompile Include="..\src\fs\shared_extdata.c">
      <Filter>Source Files\fs</Filter>
    </ClCompile>
    <ClCompile Include="..\src\fs\sysdata.c">
      <Filter>Source Files\fs</Filter>
    </ClCompile>
    <ClCompile Include="..\src\fs\sdmc.c">
      <Filter>Source Files\fs</Filter>
    </ClCompile>
    <ClCompile Include="..\src\services\am_sys.c">
      <Filter>Source Files\services</Filter>
    </ClCompile>
    <ClCompile Include="..\src\services\cdc_DSP.c">
      <Filter>Source Files\services</Filter>
    </ClCompile>
    <ClCompile Include="..\src\services\cfg_nor.c">
      <Filter>Source Files\services</Filter>
    </ClCompile>
    <ClCompile Include="..\src\services\fs_ldr.c">
      <Filter>Source Files\services</Filter>
    </ClCompile>
    <ClCompile Include="..\src\services\fs_REG.c">
      <Filter>Source Files\services</Filter>
    </ClCompile>
    <ClCompile Include="..\src\services\hid_SPVR.c">
      <Filter>Source Files\services</Filter>
    </ClCompile>
    <ClCompile Include="..\src\services\pdn_d.c">
      <Filter>Source Files\services</Filter>
    </ClCompile>
    <ClCompile Include="..\src\services\ps_ps.c">
      <Filter>Source Files\services</Filter>
    </ClCompile>
    <ClCompile Include="..\src\services\ptm_s.c">
      <Filter>Source Files\services</Filter>
    </ClCompile>
    <ClCompile Include="..\src\services\PxiPM.c">
      <Filter>Source Files\services</Filter>
    </ClCompile>
    <ClCompile Include="..\src\syscalls\Interrupt.c">
      <Filter>Source Files\syscalls</Filter>
    </ClCompile>
    <ClCompile Include="..\src\services\boss_p.c">
      <Filter>Source Files\services</Filter>
    </ClCompile>
    <ClCompile Include="..\src\services\cfg_i.c">
      <Filter>Source Files\services</Filter>
    </ClCompile>
    <ClCompile Include="..\src\services\cfg_s.c">
      <Filter>Source Files\services</Filter>
    </ClCompile>
    <ClCompile Include="..\src\services\apt_s.c">
      <Filter>Source Files\services</Filter>
    </ClCompile>
    <ClCompile Include="..\src\services\pdn_g.c">
      <Filter>Source Files\services</Filter>
    </ClCompile>
    <ClCompile Include="..\src\services\mcu_GPU.c">
      <Filter>Source Files\services</Filter>
    </ClCompile>
    <ClCompile Include="..\src\services\i2cLCD.c">
      <Filter>Source Files\services</Filter>
    </ClCompile>
    <ClCompile Include="..\src\fs\savedata.c">
      <Filter>Source Files\fs</Filter>
    </ClCompile>
    <ClCompile Include="..\src\fs\extsavedata.c">
      <Filter>Source Files\fs</Filter>
    </ClCompile>
    <ClCompile Include="..\src\services\cdc_csn.c">
      <Filter>Source Files\services</Filter>
    </ClCompile>
    <ClCompile Include="..\src\syscalls\timer.c">
      <Filter>Source Files\syscalls</Filter>
    </ClCompile>
    <ClCompile Include="..\src\services\PxiFS0.c">
      <Filter>Source Files\services</Filter>
    </ClCompile>
    <ClCompile Include="..\src\services\Pxiam9.c">
      <Filter>Source Files\services</Filter>
    </ClCompile>
    <ClCompile Include="..\src\gpu\vec4.c">
      <Filter>Source Files</Filter>
    </ClCompile>
    <ClCompile Include="..\src\gpu\gpu.c">
      <Filter>Source Files\GPU</Filter>
    </ClCompile>
    <ClCompile Include="..\src\gpu\rasterizer.c">
      <Filter>Source Files\GPU</Filter>
    </ClCompile>
    <ClCompile Include="..\src\gpu\clipper.c">
      <Filter>Source Files\GPU</Filter>
    </ClCompile>
    <ClCompile Include="..\src\gdbstub\gdbstub.cpp">
      <Filter>Source Files</Filter>
    </ClCompile>
    <ClCompile Include="..\src\services\mic_u.c">
      <Filter>Source Files\services</Filter>
    </ClCompile>
    <ClCompile Include="..\src\gdbstub\gdbstubchelper.c">
      <Filter>Source Files</Filter>
    </ClCompile>
    <ClCompile Include="..\src\services\PxiPS9.c">
      <Filter>Source Files\services</Filter>
    </ClCompile>
    <ClCompile Include="..\src\services\mcuPLS.c">
      <Filter>Source Files\services</Filter>
    </ClCompile>
    <ClCompile Include="..\src\services\csnd_SND.c">
      <Filter>Source Files\services</Filter>
    </ClCompile>
    <ClCompile Include="..\src\polarssl\bignum.c">
      <Filter>Source Files\crypto</Filter>
    </ClCompile>
    <ClCompile Include="..\src\polarssl\rsa.c">
      <Filter>Source Files\crypto</Filter>
    </ClCompile>
    <ClCompile Include="..\src\polarssl\sha2.c">
      <Filter>Source Files\crypto</Filter>
    </ClCompile>
    <ClCompile Include="..\src\polarssl\aes.c">
      <Filter>Source Files\crypto</Filter>
    </ClCompile>
    <ClCompile Include="..\src\polarssl\nin_public_crypt.c">
      <Filter>Source Files\crypto</Filter>
    </ClCompile>
    <ClCompile Include="..\src\config.c">
      <Filter>Source Files</Filter>
    </ClCompile>
    <ClCompile Include="..\src\services\aci.c">
      <Filter>Source Files\services</Filter>
    </ClCompile>
    <ClCompile Include="..\src\services\nims.c">
      <Filter>Source Files\services</Filter>
    </ClCompile>
    <ClCompile Include="..\src\services\ssl_c.c">
      <Filter>Source Files\services</Filter>
    </ClCompile>
    <ClCompile Include="..\src\services\http_c.c">
      <Filter>Source Files\services</Filter>
    </ClCompile>
    <ClCompile Include="..\src\services\frd_a.c">
      <Filter>Source Files\services</Filter>
    </ClCompile>
    <ClCompile Include="..\src\services\soc_u.c">
      <Filter>Source Files\services</Filter>
    </ClCompile>
    <ClCompile Include="..\src\fs\sysdatac.c">
      <Filter>Source Files\fs</Filter>
    </ClCompile>
    <ClCompile Include="..\src\services\am_app.c">
      <Filter>Source Files\services</Filter>
    </ClCompile>
    <ClCompile Include="..\src\services\nim_aoc.c">
      <Filter>Source Files\services</Filter>
    </ClCompile>
    <ClCompile Include="..\src\services\y2r_u.c">
      <Filter>Source Files\services</Filter>
    </ClCompile>
    <ClCompile Include="..\src\services\pix_dev.c">
      <Filter>Source Files\services</Filter>
    </ClCompile>
    <ClCompile Include="..\src\services\ir_rst.c">
      <Filter>Source Files\services</Filter>
    </ClCompile>
    <ClCompile Include="..\src\syscalls\resource_limit.c">
      <Filter>Source Files\syscalls</Filter>
    </ClCompile>
    <ClCompile Include="..\src\utils.c">
      <Filter>Source Files</Filter>
    </ClCompile>
    <ClCompile Include="..\src\services\ptm_play.c">
      <Filter>Source Files\services</Filter>
    </ClCompile>
    <ClCompile Include="..\src\services\cam_u.c">
      <Filter>Source Files\services</Filter>
    </ClCompile>
    <ClCompile Include="..\src\gpu\io.c">
      <Filter>Source Files\GPU</Filter>
    </ClCompile>
  </ItemGroup>
  <ItemGroup>
    <ClInclude Include="..\inc\handles.h">
      <Filter>Header Files</Filter>
    </ClInclude>
    <ClInclude Include="..\inc\mem.h">
      <Filter>Header Files</Filter>
    </ClInclude>
    <ClInclude Include="..\inc\svc.h">
      <Filter>Header Files</Filter>
    </ClInclude>
    <ClInclude Include="..\inc\util.h">
      <Filter>Header Files</Filter>
    </ClInclude>
    <ClInclude Include="..\src\arm11\vfp\asm_vfp.h">
      <Filter>Header Files\arm11\vfp</Filter>
    </ClInclude>
    <ClInclude Include="..\src\arm11\vfp\vfp.h">
      <Filter>Header Files\arm11\vfp</Filter>
    </ClInclude>
    <ClInclude Include="..\src\arm11\vfp\vfp_helper.h">
      <Filter>Header Files\arm11\vfp</Filter>
    </ClInclude>
    <ClInclude Include="..\src\arm11\arm_arch_interface.h">
      <Filter>Header Files\arm11</Filter>
    </ClInclude>
    <ClInclude Include="..\src\arm11\arm_regformat.h">
      <Filter>Header Files\arm11</Filter>
    </ClInclude>
    <ClInclude Include="..\src\arm11\armdefs.h">
      <Filter>Header Files\arm11</Filter>
    </ClInclude>
    <ClInclude Include="..\src\arm11\armemu.h">
      <Filter>Header Files\arm11</Filter>
    </ClInclude>
    <ClInclude Include="..\inc\threads.h">
      <Filter>Header Files\arm11</Filter>
    </ClInclude>
    <ClInclude Include="..\inc\arm11.h">
      <Filter>Header Files\arm11</Filter>
    </ClInclude>
    <ClInclude Include="..\inc\init.h">
      <Filter>Header Files</Filter>
    </ClInclude>
    <ClInclude Include="..\inc\hid_user.h">
      <Filter>Header Files</Filter>
    </ClInclude>
    <ClInclude Include="..\inc\screen.h">
      <Filter>Header Files</Filter>
    </ClInclude>
    <ClInclude Include="..\inc\DSP.h">
      <Filter>Header Files\DSP</Filter>
    </ClInclude>
    <ClInclude Include="..\inc\gpu.h">
      <Filter>Header Files</Filter>
    </ClInclude>
    <ClInclude Include="..\inc\fs.h">
      <Filter>Header Files</Filter>
    </ClInclude>
    <ClInclude Include="..\src\services\service_macros.h">
      <Filter>Header Files</Filter>
    </ClInclude>
    <ClInclude Include="..\inc\vec4.h">
      <Filter>Header Files</Filter>
    </ClInclude>
    <ClInclude Include="..\inc\gdbstub_internal.h">
      <Filter>Header Files</Filter>
    </ClInclude>
    <ClInclude Include="..\inc\gdbstub.h">
      <Filter>Header Files</Filter>
    </ClInclude>
    <ClInclude Include="..\inc\gdbstubchelper.h">
      <Filter>Header Files</Filter>
    </ClInclude>
    <ClInclude Include="..\inc\loader.h">
      <Filter>Header Files</Filter>
    </ClInclude>
    <ClInclude Include="..\src\config.h">
      <Filter>Header Files</Filter>
    </ClInclude>
    <ClInclude Include="..\inc\dirent.h">
      <Filter>Header Files</Filter>
    </ClInclude>
    <ClInclude Include="..\inc\3dsx.h">
      <Filter>Header Files</Filter>
    </ClInclude>
  </ItemGroup>
</Project>